// !$*UTF8*$!
{
	archiveVersion = 1;
	classes = {
	};
	objectVersion = 56;
	objects = {

/* Begin PBXBuildFile section */
		A10000000000000000000030 /* main.swift in Sources */ = {isa = PBXBuildFile; fileRef = A10000000000000000000020 /* main.swift */; };
		A10000000000000000000031 /* AppDelegate.swift in Sources */ = {isa = PBXBuildFile; fileRef = A10000000000000000000021 /* AppDelegate.swift */; };
		A10000000000000000000032 /* PillPanelController.swift in Sources */ = {isa = PBXBuildFile; fileRef = A10000000000000000000022 /* PillPanelController.swift */; };
		A10000000000000000000033 /* TouchBarStreamView.swift in Sources */ = {isa = PBXBuildFile; fileRef = A10000000000000000000023 /* TouchBarStreamView.swift */; };
		A10000000000000000000061 /* ZonePolicy.swift in Sources */ = {isa = PBXBuildFile; fileRef = A10000000000000000000060 /* ZonePolicy.swift */; };
		A10000000000000000000035 /* DFRMirror.m in Sources */ = {isa = PBXBuildFile; fileRef = A10000000000000000000025 /* DFRMirror.m */; };
		A10000000000000000000036 /* L10n.swift in Sources */ = {isa = PBXBuildFile; fileRef = A1000000000000000000002A /* L10n.swift */; };
		A10000000000000000000037 /* LaunchAtLogin.swift in Sources */ = {isa = PBXBuildFile; fileRef = A1000000000000000000002B /* LaunchAtLogin.swift */; };
		A10000000000000000000038 /* Placement.swift in Sources */ = {isa = PBXBuildFile; fileRef = A1000000000000000000002C /* Placement.swift */; };
		A10000000000000000000039 /* FocusSession.swift in Sources */ = {isa = PBXBuildFile; fileRef = A1000000000000000000002D /* FocusSession.swift */; };
		A1000000000000000000003A /* FullscreenWatcher.swift in Sources */ = {isa = PBXBuildFile; fileRef = A1000000000000000000002E /* FullscreenWatcher.swift */; };
		A1000000000000000000003B /* SystemVolume.swift in Sources */ = {isa = PBXBuildFile; fileRef = A1000000000000000000002F /* SystemVolume.swift */; };
		A10000000000000000000053 /* Localizable.strings in Resources */ = {isa = PBXBuildFile; fileRef = A10000000000000000000050 /* Localizable.strings */; };
		A10000000000000000000041 /* AppKit.framework in Frameworks */ = {isa = PBXBuildFile; fileRef = A10000000000000000000040 /* AppKit.framework */; };
		A10000000000000000000043 /* QuartzCore.framework in Frameworks */ = {isa = PBXBuildFile; fileRef = A10000000000000000000042 /* QuartzCore.framework */; };
		A10000000000000000000045 /* CoreImage.framework in Frameworks */ = {isa = PBXBuildFile; fileRef = A10000000000000000000044 /* CoreImage.framework */; };
		A10000000000000000000047 /* IOSurface.framework in Frameworks */ = {isa = PBXBuildFile; fileRef = A10000000000000000000046 /* IOSurface.framework */; };
		A10000000000000000000049 /* ImageIO.framework in Frameworks */ = {isa = PBXBuildFile; fileRef = A10000000000000000000048 /* ImageIO.framework */; };
/* End PBXBuildFile section */

/* Begin PBXFileReference section */
		A10000000000000000000014 /* TouchBarPill.app */ = {isa = PBXFileReference; explicitFileType = wrapper.application; includeInIndex = 0; path = TouchBarPill.app; sourceTree = BUILT_PRODUCTS_DIR; };
		A10000000000000000000020 /* main.swift */ = {isa = PBXFileReference; lastKnownFileType = sourcecode.swift; path = main.swift; sourceTree = "<group>"; };
		A10000000000000000000021 /* AppDelegate.swift */ = {isa = PBXFileReference; lastKnownFileType = sourcecode.swift; path = AppDelegate.swift; sourceTree = "<group>"; };
		A10000000000000000000022 /* PillPanelController.swift */ = {isa = PBXFileReference; lastKnownFileType = sourcecode.swift; path = PillPanelController.swift; sourceTree = "<group>"; };
		A10000000000000000000023 /* TouchBarStreamView.swift */ = {isa = PBXFileReference; lastKnownFileType = sourcecode.swift; path = TouchBarStreamView.swift; sourceTree = "<group>"; };
		A10000000000000000000060 /* ZonePolicy.swift */ = {isa = PBXFileReference; lastKnownFileType = sourcecode.swift; path = ZonePolicy.swift; sourceTree = "<group>"; };
		A10000000000000000000025 /* DFRMirror.m */ = {isa = PBXFileReference; lastKnownFileType = sourcecode.c.objc; path = DFRMirror.m; sourceTree = "<group>"; };
		A10000000000000000000026 /* DFRMirror.h */ = {isa = PBXFileReference; lastKnownFileType = sourcecode.c.h; path = DFRMirror.h; sourceTree = "<group>"; };
		A10000000000000000000027 /* TouchBarPill-Bridging-Header.h */ = {isa = PBXFileReference; lastKnownFileType = sourcecode.c.h; path = "TouchBarPill-Bridging-Header.h"; sourceTree = "<group>"; };
		A10000000000000000000028 /* Info.plist */ = {isa = PBXFileReference; lastKnownFileType = text.plist.xml; path = Info.plist; sourceTree = "<group>"; };
		A10000000000000000000029 /* TouchBarPill.entitlements */ = {isa = PBXFileReference; lastKnownFileType = text.plist.entitlements; path = TouchBarPill.entitlements; sourceTree = "<group>"; };
		A1000000000000000000002A /* L10n.swift */ = {isa = PBXFileReference; lastKnownFileType = sourcecode.swift; path = L10n.swift; sourceTree = "<group>"; };
		A1000000000000000000002B /* LaunchAtLogin.swift */ = {isa = PBXFileReference; lastKnownFileType = sourcecode.swift; path = LaunchAtLogin.swift; sourceTree = "<group>"; };
		A1000000000000000000002C /* Placement.swift */ = {isa = PBXFileReference; lastKnownFileType = sourcecode.swift; path = Placement.swift; sourceTree = "<group>"; };
		A1000000000000000000002D /* FocusSession.swift */ = {isa = PBXFileReference; lastKnownFileType = sourcecode.swift; path = FocusSession.swift; sourceTree = "<group>"; };
		A1000000000000000000002E /* FullscreenWatcher.swift */ = {isa = PBXFileReference; lastKnownFileType = sourcecode.swift; path = FullscreenWatcher.swift; sourceTree = "<group>"; };
		A1000000000000000000002F /* SystemVolume.swift */ = {isa = PBXFileReference; lastKnownFileType = sourcecode.swift; path = SystemVolume.swift; sourceTree = "<group>"; };
		A10000000000000000000051 /* en */ = {isa = PBXFileReference; lastKnownFileType = text.plist.strings; name = en; path = en.lproj/Localizable.strings; sourceTree = "<group>"; };
		A10000000000000000000052 /* es */ = {isa = PBXFileReference; lastKnownFileType = text.plist.strings; name = es; path = es.lproj/Localizable.strings; sourceTree = "<group>"; };
		A10000000000000000000040 /* AppKit.framework */ = {isa = PBXFileReference; lastKnownFileType = wrapper.framework; name = AppKit.framework; path = System/Library/Frameworks/AppKit.framework; sourceTree = SDKROOT; };
		A10000000000000000000042 /* QuartzCore.framework */ = {isa = PBXFileReference; lastKnownFileType = wrapper.framework; name = QuartzCore.framework; path = System/Library/Frameworks/QuartzCore.framework; sourceTree = SDKROOT; };
		A10000000000000000000044 /* CoreImage.framework */ = {isa = PBXFileReference; lastKnownFileType = wrapper.framework; name = CoreImage.framework; path = System/Library/Frameworks/CoreImage.framework; sourceTree = SDKROOT; };
		A10000000000000000000046 /* IOSurface.framework */ = {isa = PBXFileReference; lastKnownFileType = wrapper.framework; name = IOSurface.framework; path = System/Library/Frameworks/IOSurface.framework; sourceTree = SDKROOT; };
		A10000000000000000000048 /* ImageIO.framework */ = {isa = PBXFileReference; lastKnownFileType = wrapper.framework; name = ImageIO.framework; path = System/Library/Frameworks/ImageIO.framework; sourceTree = SDKROOT; };
/* End PBXFileReference section */

/* Begin PBXFrameworksBuildPhase section */
		A10000000000000000000012 /* Frameworks */ = {
			isa = PBXFrameworksBuildPhase;
			buildActionMask = 2147483647;
			files = (
				A10000000000000000000041 /* AppKit.framework in Frameworks */,
				A10000000000000000000043 /* QuartzCore.framework in Frameworks */,
				A10000000000000000000045 /* CoreImage.framework in Frameworks */,
				A10000000000000000000047 /* IOSurface.framework in Frameworks */,
				A10000000000000000000049 /* ImageIO.framework in Frameworks */,
			);
			runOnlyForDeploymentPostprocessing = 0;
		};
/* End PBXFrameworksBuildPhase section */

/* Begin PBXGroup section */
		A10000000000000000000002 = {
			isa = PBXGroup;
			children = (
				A10000000000000000000003 /* TouchBarPill */,
				A10000000000000000000005 /* Frameworks */,
				A10000000000000000000004 /* Products */,
			);
			sourceTree = "<group>";
		};
		A10000000000000000000005 /* Frameworks */ = {
			isa = PBXGroup;
			children = (
				A10000000000000000000040 /* AppKit.framework */,
				A10000000000000000000042 /* QuartzCore.framework */,
				A10000000000000000000044 /* CoreImage.framework */,
				A10000000000000000000046 /* IOSurface.framework */,
				A10000000000000000000048 /* ImageIO.framework */,
			);
			name = Frameworks;
			sourceTree = "<group>";
		};
		A10000000000000000000003 /* TouchBarPill */ = {
			isa = PBXGroup;
			children = (
				A10000000000000000000020 /* main.swift */,
				A10000000000000000000021 /* AppDelegate.swift */,
				A10000000000000000000022 /* PillPanelController.swift */,
				A10000000000000000000023 /* TouchBarStreamView.swift */,
				A10000000000000000000060 /* ZonePolicy.swift */,
				A1000000000000000000002A /* L10n.swift */,
				A1000000000000000000002B /* LaunchAtLogin.swift */,
				A1000000000000000000002C /* Placement.swift */,
				A1000000000000000000002D /* FocusSession.swift */,
				A1000000000000000000002E /* FullscreenWatcher.swift */,
				A1000000000000000000002F /* SystemVolume.swift */,
				A10000000000000000000050 /* Localizable.strings */,
				A10000000000000000000025 /* DFRMirror.m */,
				A10000000000000000000026 /* DFRMirror.h */,
				A10000000000000000000027 /* TouchBarPill-Bridging-Header.h */,
				A10000000000000000000028 /* Info.plist */,
				A10000000000000000000029 /* TouchBarPill.entitlements */,
			);
			path = TouchBarPill;
			sourceTree = "<group>";
		};
		A10000000000000000000004 /* Products */ = {
			isa = PBXGroup;
			children = (
				A10000000000000000000014 /* TouchBarPill.app */,
			);
			name = Products;
			sourceTree = "<group>";
		};
/* End PBXGroup section */

/* Begin PBXNativeTarget section */
		A10000000000000000000010 /* TouchBarPill */ = {
			isa = PBXNativeTarget;
			buildConfigurationList = A10000000000000000000015 /* Build configuration list for PBXNativeTarget "TouchBarPill" */;
			buildPhases = (
				A10000000000000000000011 /* Sources */,
				A10000000000000000000012 /* Frameworks */,
				A10000000000000000000013 /* Resources */,
			);
			buildRules = (
			);
			dependencies = (
			);
			name = TouchBarPill;
			productName = TouchBarPill;
			productReference = A10000000000000000000014 /* TouchBarPill.app */;
			productType = "com.apple.product-type.application";
		};
/* End PBXNativeTarget section */

/* Begin PBXProject section */
		A10000000000000000000001 /* Project object */ = {
			isa = PBXProject;
			attributes = {
				BuildIndependentTargetsInParallel = 1;
				LastSwiftUpdateCheck = 1500;
				LastUpgradeCheck = 1500;
				TargetAttributes = {
					A10000000000000000000010 = {
						CreatedOnToolsVersion = 15.0;
					};
				};
			};
			buildConfigurationList = A10000000000000000000018 /* Build configuration list for PBXProject "TouchBarPill" */;
			compatibilityVersion = "Xcode 14.0";
			developmentRegion = en;
			hasScannedForEncodings = 0;
			knownRegions = (
				en,
				es,
				Base,
			);
			mainGroup = A10000000000000000000002;
			productRefGroup = A10000000000000000000004 /* Products */;
			projectDirPath = "";
			projectRoot = "";
			targets = (
				A10000000000000000000010 /* TouchBarPill */,
			);
		};
/* End PBXProject section */

/* Begin PBXResourcesBuildPhase section */
		A10000000000000000000013 /* Resources */ = {
			isa = PBXResourcesBuildPhase;
			buildActionMask = 2147483647;
			files = (
				A10000000000000000000053 /* Localizable.strings in Resources */,
			);
			runOnlyForDeploymentPostprocessing = 0;
		};
/* End PBXResourcesBuildPhase section */

/* Begin PBXVariantGroup section */
		A10000000000000000000050 /* Localizable.strings */ = {
			isa = PBXVariantGroup;
			children = (
				A10000000000000000000051 /* en */,
				A10000000000000000000052 /* es */,
			);
			name = Localizable.strings;
			sourceTree = "<group>";
		};
/* End PBXVariantGroup section */

/* Begin PBXSourcesBuildPhase section */
		A10000000000000000000011 /* Sources */ = {
			isa = PBXSourcesBuildPhase;
			buildActionMask = 2147483647;
			files = (
				A10000000000000000000030 /* main.swift in Sources */,
				A10000000000000000000031 /* AppDelegate.swift in Sources */,
				A10000000000000000000032 /* PillPanelController.swift in Sources */,
				A10000000000000000000033 /* TouchBarStreamView.swift in Sources */,
				A10000000000000000000061 /* ZonePolicy.swift in Sources */,
				A10000000000000000000035 /* DFRMirror.m in Sources */,
				A10000000000000000000036 /* L10n.swift in Sources */,
				A10000000000000000000037 /* LaunchAtLogin.swift in Sources */,
				A10000000000000000000038 /* Placement.swift in Sources */,
				A10000000000000000000039 /* FocusSession.swift in Sources */,
				A1000000000000000000003A /* FullscreenWatcher.swift in Sources */,
				A1000000000000000000003B /* SystemVolume.swift in Sources */,
			);
			runOnlyForDeploymentPostprocessing = 0;
		};
/* End PBXSourcesBuildPhase section */

/* Begin XCBuildConfiguration section */
		A10000000000000000000019 /* Debug */ = {
			isa = XCBuildConfiguration;
			buildSettings = {
				ALWAYS_SEARCH_USER_PATHS = NO;
				CLANG_ANALYZER_NONNULL = YES;
				CLANG_ANALYZER_NUMBER_OBJECT_CONVERSION = YES_AGGRESSIVE;
				CLANG_CXX_LANGUAGE_STANDARD = "gnu++20";
				CLANG_ENABLE_MODULES = YES;
				CLANG_ENABLE_OBJC_ARC = YES;
				CLANG_ENABLE_OBJC_WEAK = YES;
				CLANG_WARN_BLOCK_CAPTURE_AUTORELEASING = YES;
				CLANG_WARN_BOOL_CONVERSION = YES;
				CLANG_WARN_COMMA = YES;
				CLANG_WARN_CONSTANT_CONVERSION = YES;
				CLANG_WARN_DEPRECATED_OBJC_IMPLEMENTATIONS = YES;
				CLANG_WARN_DIRECT_OBJC_ISA_USAGE = YES_ERROR;
				CLANG_WARN_EMPTY_BODY = YES;
				CLANG_WARN_ENUM_CONVERSION = YES;
				CLANG_WARN_INFINITE_RECURSION = YES;
				CLANG_WARN_INT_CONVERSION = YES;
				CLANG_WARN_NON_LITERAL_NULL_CONVERSION = YES;
				CLANG_WARN_OBJC_IMPLICIT_RETAIN_SELF = YES;
				CLANG_WARN_OBJC_LITERAL_CONVERSION = YES;
				CLANG_WARN_OBJC_ROOT_CLASS = YES_ERROR;
				CLANG_WARN_QUOTED_INCLUDE_IN_FRAMEWORK_HEADER = YES;
				CLANG_WARN_RANGE_LOOP_ANALYSIS = YES;
				CLANG_WARN_STRICT_PROTOTYPES = YES;
				CLANG_WARN_SUSPICIOUS_MOVE = YES;
				CLANG_WARN_UNGUARDED_AVAILABILITY = YES_AGGRESSIVE;
				CLANG_WARN_UNREACHABLE_CODE = YES;
				COPY_PHASE_STRIP = NO;
				DEBUG_INFORMATION_FORMAT = dwarf;
				ENABLE_STRICT_OBJC_MSGSEND = YES;
				ENABLE_TESTABILITY = YES;
				GCC_C_LANGUAGE_STANDARD = gnu11;
				GCC_DYNAMIC_NO_PIC = NO;
				GCC_NO_COMMON_BLOCKS = YES;
				GCC_OPTIMIZATION_LEVEL = 0;
				GCC_PREPROCESSOR_DEFINITIONS = (
					"DEBUG=1",
					"$(inherited)",
				);
				MACOSX_DEPLOYMENT_TARGET = 12.0;
				ONLY_ACTIVE_ARCH = YES;
				SDKROOT = macosx;
				SWIFT_ACTIVE_COMPILATION_CONDITIONS = DEBUG;
				SWIFT_OPTIMIZATION_LEVEL = "-Onone";
				SWIFT_VERSION = 5.0;
			};
			name = Debug;
		};
		A1000000000000000000001A /* Release */ = {
			isa = XCBuildConfiguration;
			buildSettings = {
				ALWAYS_SEARCH_USER_PATHS = NO;
				CLANG_ANALYZER_NONNULL = YES;
				CLANG_ANALYZER_NUMBER_OBJECT_CONVERSION = YES_AGGRESSIVE;
				CLANG_CXX_LANGUAGE_STANDARD = "gnu++20";
				CLANG_ENABLE_MODULES = YES;
				CLANG_ENABLE_OBJC_ARC = YES;
				CLANG_ENABLE_OBJC_WEAK = YES;
				CLANG_WARN_BLOCK_CAPTURE_AUTORELEASING = YES;
				CLANG_WARN_BOOL_CONVERSION = YES;
				CLANG_WARN_COMMA = YES;
				CLANG_WARN_CONSTANT_CONVERSION = YES;
				CLANG_WARN_DEPRECATED_OBJC_IMPLEMENTATIONS = YES;
				CLANG_WARN_DIRECT_OBJC_ISA_USAGE = YES_ERROR;
				CLANG_WARN_EMPTY_BODY = YES;
				CLANG_WARN_ENUM_CONVERSION = YES;
				CLANG_WARN_INFINITE_RECURSION = YES;
				CLANG_WARN_INT_CONVERSION = YES;
				CLANG_WARN_NON_LITERAL_NULL_CONVERSION = YES;
				CLANG_WARN_OBJC_IMPLICIT_RETAIN_SELF = YES;
				CLANG_WARN_OBJC_LITERAL_CONVERSION = YES;
				CLANG_WARN_OBJC_ROOT_CLASS = YES_ERROR;
				CLANG_WARN_QUOTED_INCLUDE_IN_FRAMEWORK_HEADER = YES;
				CLANG_WARN_RANGE_LOOP_ANALYSIS = YES;
				CLANG_WARN_STRICT_PROTOTYPES = YES;
				CLANG_WARN_SUSPICIOUS_MOVE = YES;
				CLANG_WARN_UNGUARDED_AVAILABILITY = YES_AGGRESSIVE;
				CLANG_WARN_UNREACHABLE_CODE = YES;
				COPY_PHASE_STRIP = NO;
				DEBUG_INFORMATION_FORMAT = "dwarf-with-dsym";
				ENABLE_NS_ASSERTIONS = NO;
				ENABLE_STRICT_OBJC_MSGSEND = YES;
				GCC_C_LANGUAGE_STANDARD = gnu11;
				GCC_NO_COMMON_BLOCKS = YES;
				GCC_OPTIMIZATION_LEVEL = s;
				MACOSX_DEPLOYMENT_TARGET = 12.0;
				SDKROOT = macosx;
				SWIFT_COMPILATION_MODE = wholemodule;
				SWIFT_OPTIMIZATION_LEVEL = "-O";
				SWIFT_VERSION = 5.0;
			};
			name = Release;
		};
		A10000000000000000000016 /* Debug */ = {
			isa = XCBuildConfiguration;
			buildSettings = {
				CODE_SIGN_ENTITLEMENTS = TouchBarPill/TouchBarPill.entitlements;
				CODE_SIGN_IDENTITY = "-";
				CODE_SIGN_STYLE = Manual;
				CODE_SIGNING_ALLOWED = YES;
				CODE_SIGNING_REQUIRED = NO;
				COMBINE_HIDPI_IMAGES = YES;
				CURRENT_PROJECT_VERSION = 12;
				ENABLE_HARDENED_RUNTIME = NO;
				EXECUTABLE_NAME = "$(PRODUCT_NAME)";
				GENERATE_INFOPLIST_FILE = NO;
				INFOPLIST_FILE = TouchBarPill/Info.plist;
				LD_RUNPATH_SEARCH_PATHS = (
					"$(inherited)",
					"@executable_path/../Frameworks",
				);
				MACOSX_DEPLOYMENT_TARGET = 12.0;
				MARKETING_VERSION = 0.4.5;
				PRODUCT_BUNDLE_IDENTIFIER = com.touchbarpill.TouchBarPill;
				PRODUCT_BUNDLE_PACKAGE_TYPE = APPL;
				PRODUCT_MODULE_NAME = TouchBarPill;
				PRODUCT_NAME = "$(TARGET_NAME)";
				SDKROOT = macosx;
				SWIFT_EMIT_LOC_STRINGS = YES;
				SWIFT_OBJC_BRIDGING_HEADER = "TouchBarPill/TouchBarPill-Bridging-Header.h";
				SWIFT_OPTIMIZATION_LEVEL = "-Onone";
				SWIFT_VERSION = 5.0;
			};
			name = Debug;
		};
		A10000000000000000000017 /* Release */ = {
			isa = XCBuildConfiguration;
			buildSettings = {
				CODE_SIGN_ENTITLEMENTS = TouchBarPill/TouchBarPill.entitlements;
				CODE_SIGN_IDENTITY = "-";
				CODE_SIGN_STYLE = Manual;
				CODE_SIGNING_ALLOWED = YES;
				CODE_SIGNING_REQUIRED = NO;
				COMBINE_HIDPI_IMAGES = YES;
				CURRENT_PROJECT_VERSION = 12;
				ENABLE_HARDENED_RUNTIME = NO;
				EXECUTABLE_NAME = "$(PRODUCT_NAME)";
				GENERATE_INFOPLIST_FILE = NO;
				INFOPLIST_FILE = TouchBarPill/Info.plist;
				LD_RUNPATH_SEARCH_PATHS = (
					"$(inherited)",
					"@executable_path/../Frameworks",
				);
				MACOSX_DEPLOYMENT_TARGET = 12.0;
				MARKETING_VERSION = 0.4.5;
				PRODUCT_BUNDLE_IDENTIFIER = com.touchbarpill.TouchBarPill;
				PRODUCT_BUNDLE_PACKAGE_TYPE = APPL;
				PRODUCT_MODULE_NAME = TouchBarPill;
				PRODUCT_NAME = "$(TARGET_NAME)";
				SDKROOT = macosx;
				SWIFT_EMIT_LOC_STRINGS = YES;
				SWIFT_OBJC_BRIDGING_HEADER = "TouchBarPill/TouchBarPill-Bridging-Header.h";
				SWIFT_OPTIMIZATION_LEVEL = "-O";
				SWIFT_VERSION = 5.0;
			};
			name = Release;
		};
/* End XCBuildConfiguration section */

/* Begin XCConfigurationList section */
		A10000000000000000000015 /* Build configuration list for PBXNativeTarget "TouchBarPill" */ = {
			isa = XCConfigurationList;
			buildConfigurations = (
				A10000000000000000000016 /* Debug */,
				A10000000000000000000017 /* Release */,
			);
			defaultConfigurationIsVisible = 0;
			defaultConfigurationName = Release;
		};
		A10000000000000000000018 /* Build configuration list for PBXProject "TouchBarPill" */ = {
			isa = XCConfigurationList;
			buildConfigurations = (
				A10000000000000000000019 /* Debug */,
				A1000000000000000000001A /* Release */,
			);
			defaultConfigurationIsVisible = 0;
			defaultConfigurationName = Release;
		};
/* End XCConfigurationList section */
	};
	rootObject = A10000000000000000000001 /* Project object */;
}
